
Microsoft Visual Studio Solution File, Format Version 12.00
# Visual Studio Version 16
VisualStudioVersion = 16.0.29519.181
MinimumVisualStudioVersion = 10.0.40219.1
Project("{9A19103F-16F7-4668-BE54-9A1E7A4F7556}") = "Plebis.Identity", "Plebis.Identity\Plebis.Identity.csproj", "{00E35408-2B94-48EF-8B59-3CDFA81792A0}"
EndProject
Project("{9A19103F-16F7-4668-BE54-9A1E7A4F7556}") = "Plebis.Identity.Data", "Plebis.Identity.Data\Plebis.Identity.Data.csproj", "{C32522D7-86C0-4743-9B66-06B2E1903EFE}"
EndProject
Project("{9A19103F-16F7-4668-BE54-9A1E7A4F7556}") = "Plebis.Identity.Data.Migrations.Sqlite", "Plebis.Identity.Data.Migrations.Sqlite\Plebis.Identity.Data.Migrations.Sqlite.csproj", "{93800EA4-E346-4D90-A7E7-231B633F1AE5}"
EndProject
Project("{FAE04EC0-301F-11D3-BF4B-00C04F79EFBC}") = "Plebis.Identity.Data.Migrations.SqlServer", "Plebis.Identity.Data.Migrations.SqlServer\Plebis.Identity.Data.Migrations.SqlServer.csproj", "{465DD27A-2119-47BC-9397-2A2C564C2D22}"
EndProject
Project("{9A19103F-16F7-4668-BE54-9A1E7A4F7556}") = "Plebis.Identity.TestApi", "Plebis.Identity.TestApi\Plebis.Identity.TestApi.csproj", "{F352E019-8A61-45AD-A747-653CEF738EB1}"
EndProject
Project("{9A19103F-16F7-4668-BE54-9A1E7A4F7556}") = "Plebis.Identity.TestClient", "Plebis.Identity.TestClient\Plebis.Identity.TestClient.csproj", "{C137A455-6F9D-41D6-90E6-C93CABFBF983}"
EndProject
Project("{9A19103F-16F7-4668-BE54-9A1E7A4F7556}") = "Plebis.Identity.TestWeb", "Plebis.Identity.TestWeb\Plebis.Identity.TestWeb.csproj", "{3610704C-6A96-416A-8827-D0D29ED7ACC3}"
EndProject
Global
	GlobalSection(SolutionConfigurationPlatforms) = preSolution
		Debug|Any CPU = Debug|Any CPU
		Release|Any CPU = Release|Any CPU
	EndGlobalSection
	GlobalSection(ProjectConfigurationPlatforms) = postSolution
		{00E35408-2B94-48EF-8B59-3CDFA81792A0}.Debug|Any CPU.ActiveCfg = Debug|Any CPU
		{00E35408-2B94-48EF-8B59-3CDFA81792A0}.Debug|Any CPU.Build.0 = Debug|Any CPU
		{00E35408-2B94-48EF-8B59-3CDFA81792A0}.Release|Any CPU.ActiveCfg = Release|Any CPU
		{00E35408-2B94-48EF-8B59-3CDFA81792A0}.Release|Any CPU.Build.0 = Release|Any CPU
		{F352E019-8A61-45AD-A747-653CEF738EB1}.Debug|Any CPU.ActiveCfg = Debug|Any CPU
		{F352E019-8A61-45AD-A747-653CEF738EB1}.Debug|Any CPU.Build.0 = Debug|Any CPU
		{F352E019-8A61-45AD-A747-653CEF738EB1}.Release|Any CPU.ActiveCfg = Release|Any CPU
		{F352E019-8A61-45AD-A747-653CEF738EB1}.Release|Any CPU.Build.0 = Release|Any CPU
		{C137A455-6F9D-41D6-90E6-C93CABFBF983}.Debug|Any CPU.ActiveCfg = Debug|Any CPU
		{C137A455-6F9D-41D6-90E6-C93CABFBF983}.Debug|Any CPU.Build.0 = Debug|Any CPU
		{C137A455-6F9D-41D6-90E6-C93CABFBF983}.Release|Any CPU.ActiveCfg = Release|Any CPU
		{C137A455-6F9D-41D6-90E6-C93CABFBF983}.Release|Any CPU.Build.0 = Release|Any CPU
		{3610704C-6A96-416A-8827-D0D29ED7ACC3}.Debug|Any CPU.ActiveCfg = Debug|Any CPU
		{3610704C-6A96-416A-8827-D0D29ED7ACC3}.Debug|Any CPU.Build.0 = Debug|Any CPU
		{3610704C-6A96-416A-8827-D0D29ED7ACC3}.Release|Any CPU.ActiveCfg = Release|Any CPU
		{3610704C-6A96-416A-8827-D0D29ED7ACC3}.Release|Any CPU.Build.0 = Release|Any CPU
		{93800EA4-E346-4D90-A7E7-231B633F1AE5}.Debug|Any CPU.ActiveCfg = Debug|Any CPU
		{93800EA4-E346-4D90-A7E7-231B633F1AE5}.Debug|Any CPU.Build.0 = Debug|Any CPU
		{93800EA4-E346-4D90-A7E7-231B633F1AE5}.Release|Any CPU.ActiveCfg = Release|Any CPU
		{93800EA4-E346-4D90-A7E7-231B633F1AE5}.Release|Any CPU.Build.0 = Release|Any CPU
		{C32522D7-86C0-4743-9B66-06B2E1903EFE}.Debug|Any CPU.ActiveCfg = Debug|Any CPU
		{C32522D7-86C0-4743-9B66-06B2E1903EFE}.Debug|Any CPU.Build.0 = Debug|Any CPU
		{C32522D7-86C0-4743-9B66-06B2E1903EFE}.Release|Any CPU.ActiveCfg = Release|Any CPU
		{C32522D7-86C0-4743-9B66-06B2E1903EFE}.Release|Any CPU.Build.0 = Release|Any CPU
		{465DD27A-2119-47BC-9397-2A2C564C2D22}.Debug|Any CPU.ActiveCfg = Debug|Any CPU
		{465DD27A-2119-47BC-9397-2A2C564C2D22}.Debug|Any CPU.Build.0 = Debug|Any CPU
		{465DD27A-2119-47BC-9397-2A2C564C2D22}.Release|Any CPU.ActiveCfg = Release|Any CPU
		{465DD27A-2119-47BC-9397-2A2C564C2D22}.Release|Any CPU.Build.0 = Release|Any CPU
	EndGlobalSection
	GlobalSection(SolutionProperties) = preSolution
		HideSolutionNode = FALSE
	EndGlobalSection
	GlobalSection(ExtensibilityGlobals) = postSolution
		SolutionGuid = {ABAE435A-1D86-4CA1-B59D-9F820F4A3416}
	EndGlobalSection
EndGlobal
